// !$*UTF8*$!
{
	archiveVersion = 1;
	classes = {
	};
	objectVersion = 48;
	objects = {

/* Begin PBXBuildFile section */
		D4371D13205DC6A20003D1E7 /* CreateGoalVC.swift in Sources */ = {isa = PBXBuildFile; fileRef = D4371D12205DC6A20003D1E7 /* CreateGoalVC.swift */; };
		D4C3B7DF20586EA3006D709B /* AppDelegate.swift in Sources */ = {isa = PBXBuildFile; fileRef = D4C3B7DE20586EA3006D709B /* AppDelegate.swift */; };
		D4C3B7E120586EA3006D709B /* GoalsVC.swift in Sources */ = {isa = PBXBuildFile; fileRef = D4C3B7E020586EA3006D709B /* GoalsVC.swift */; };
		D4C3B7E420586EA3006D709B /* Main.storyboard in Resources */ = {isa = PBXBuildFile; fileRef = D4C3B7E220586EA3006D709B /* Main.storyboard */; };
		D4C3B7E720586EA3006D709B /* GoalPost.xcdatamodeld in Sources */ = {isa = PBXBuildFile; fileRef = D4C3B7E520586EA3006D709B /* GoalPost.xcdatamodeld */; };
		D4C3B7E920586EA3006D709B /* Assets.xcassets in Resources */ = {isa = PBXBuildFile; fileRef = D4C3B7E820586EA3006D709B /* Assets.xcassets */; };
		D4C3B7EC20586EA3006D709B /* LaunchScreen.storyboard in Resources */ = {isa = PBXBuildFile; fileRef = D4C3B7EA20586EA3006D709B /* LaunchScreen.storyboard */; };
		D4C3B7FA205ACE03006D709B /* GoalCell.swift in Sources */ = {isa = PBXBuildFile; fileRef = D4C3B7F9205ACE03006D709B /* GoalCell.swift */; };
		D4C3B7FC205B346F006D709B /* GoalType.swift in Sources */ = {isa = PBXBuildFile; fileRef = D4C3B7FB205B346F006D709B /* GoalType.swift */; };
		D4FA744A207BE51E007F75BF /* ViewControllerExtension.swift in Sources */ = {isa = PBXBuildFile; fileRef = D4FA7449207BE51E007F75BF /* ViewControllerExtension.swift */; };
		D4FA744C207BE9F0007F75BF /* ViewExtension.swift in Sources */ = {isa = PBXBuildFile; fileRef = D4FA744B207BE9F0007F75BF /* ViewExtension.swift */; };
		D4FA744E207C17A2007F75BF /* FinishCreateGoalVC.swift in Sources */ = {isa = PBXBuildFile; fileRef = D4FA744D207C17A2007F75BF /* FinishCreateGoalVC.swift */; };
/* End PBXBuildFile section */

/* Begin PBXFileReference section */
		D4371D12205DC6A20003D1E7 /* CreateGoalVC.swift */ = {isa = PBXFileReference; lastKnownFileType = sourcecode.swift; path = CreateGoalVC.swift; sourceTree = "<group>"; };
		D4C3B7DB20586EA3006D709B /* GoalPost.app */ = {isa = PBXFileReference; explicitFileType = wrapper.application; includeInIndex = 0; path = GoalPost.app; sourceTree = BUILT_PRODUCTS_DIR; };
		D4C3B7DE20586EA3006D709B /* AppDelegate.swift */ = {isa = PBXFileReference; lastKnownFileType = sourcecode.swift; path = AppDelegate.swift; sourceTree = "<group>"; };
		D4C3B7E020586EA3006D709B /* GoalsVC.swift */ = {isa = PBXFileReference; lastKnownFileType = sourcecode.swift; path = GoalsVC.swift; sourceTree = "<group>"; };
		D4C3B7E320586EA3006D709B /* Base */ = {isa = PBXFileReference; lastKnownFileType = file.storyboard; name = Base; path = Base.lproj/Main.storyboard; sourceTree = "<group>"; };
		D4C3B7E620586EA3006D709B /* GoalPost.xcdatamodel */ = {isa = PBXFileReference; lastKnownFileType = wrapper.xcdatamodel; path = GoalPost.xcdatamodel; sourceTree = "<group>"; };
		D4C3B7E820586EA3006D709B /* Assets.xcassets */ = {isa = PBXFileReference; lastKnownFileType = folder.assetcatalog; path = Assets.xcassets; sourceTree = "<group>"; };
		D4C3B7EB20586EA3006D709B /* Base */ = {isa = PBXFileReference; lastKnownFileType = file.storyboard; name = Base; path = Base.lproj/LaunchScreen.storyboard; sourceTree = "<group>"; };
		D4C3B7ED20586EA3006D709B /* Info.plist */ = {isa = PBXFileReference; lastKnownFileType = text.plist.xml; path = Info.plist; sourceTree = "<group>"; };
		D4C3B7F9205ACE03006D709B /* GoalCell.swift */ = {isa = PBXFileReference; lastKnownFileType = sourcecode.swift; path = GoalCell.swift; sourceTree = "<group>"; };
		D4C3B7FB205B346F006D709B /* GoalType.swift */ = {isa = PBXFileReference; lastKnownFileType = sourcecode.swift; path = GoalType.swift; sourceTree = "<group>"; };
		D4FA7449207BE51E007F75BF /* ViewControllerExtension.swift */ = {isa = PBXFileReference; lastKnownFileType = sourcecode.swift; path = ViewControllerExtension.swift; sourceTree = "<group>"; };
		D4FA744B207BE9F0007F75BF /* ViewExtension.swift */ = {isa = PBXFileReference; lastKnownFileType = sourcecode.swift; path = ViewExtension.swift; sourceTree = "<group>"; };
		D4FA744D207C17A2007F75BF /* FinishCreateGoalVC.swift */ = {isa = PBXFileReference; lastKnownFileType = sourcecode.swift; path = FinishCreateGoalVC.swift; sourceTree = "<group>"; };
/* End PBXFileReference section */

/* Begin PBXFrameworksBuildPhase section */
		D4C3B7D820586EA3006D709B /* Frameworks */ = {
			isa = PBXFrameworksBuildPhase;
			buildActionMask = 2147483647;
			files = (
			);
			runOnlyForDeploymentPostprocessing = 0;
		};
/* End PBXFrameworksBuildPhase section */

/* Begin PBXGroup section */
		D4C3B7D220586EA3006D709B = {
			isa = PBXGroup;
			children = (
				D4C3B7DD20586EA3006D709B /* GoalPost */,
				D4C3B7DC20586EA3006D709B /* Products */,
			);
			sourceTree = "<group>";
		};
		D4C3B7DC20586EA3006D709B /* Products */ = {
			isa = PBXGroup;
			children = (
				D4C3B7DB20586EA3006D709B /* GoalPost.app */,
			);
			name = Products;
			sourceTree = "<group>";
		};
		D4C3B7DD20586EA3006D709B /* GoalPost */ = {
			isa = PBXGroup;
			children = (
				D4C3B7F620586FEB006D709B /* Enums */,
				D4C3B7F520586EF4006D709B /* Extension */,
				D4C3B7F420586EEE006D709B /* View */,
				D4C3B7F320586EE8006D709B /* Controller */,
				D4C3B7DE20586EA3006D709B /* AppDelegate.swift */,
				D4C3B7E220586EA3006D709B /* Main.storyboard */,
				D4C3B7E820586EA3006D709B /* Assets.xcassets */,
				D4C3B7EA20586EA3006D709B /* LaunchScreen.storyboard */,
				D4C3B7ED20586EA3006D709B /* Info.plist */,
				D4C3B7E520586EA3006D709B /* GoalPost.xcdatamodeld */,
			);
			path = GoalPost;
			sourceTree = "<group>";
		};
		D4C3B7F320586EE8006D709B /* Controller */ = {
			isa = PBXGroup;
			children = (
				D4C3B7E020586EA3006D709B /* GoalsVC.swift */,
				D4371D12205DC6A20003D1E7 /* CreateGoalVC.swift */,
				D4FA744D207C17A2007F75BF /* FinishCreateGoalVC.swift */,
			);
			path = Controller;
			sourceTree = "<group>";
		};
		D4C3B7F420586EEE006D709B /* View */ = {
			isa = PBXGroup;
			children = (
				D4C3B7F9205ACE03006D709B /* GoalCell.swift */,
			);
			path = View;
			sourceTree = "<group>";
		};
		D4C3B7F520586EF4006D709B /* Extension */ = {
			isa = PBXGroup;
			children = (
				D4FA7449207BE51E007F75BF /* ViewControllerExtension.swift */,
				D4FA744B207BE9F0007F75BF /* ViewExtension.swift */,
			);
			path = Extension;
			sourceTree = "<group>";
		};
		D4C3B7F620586FEB006D709B /* Enums */ = {
			isa = PBXGroup;
			children = (
				D4C3B7FB205B346F006D709B /* GoalType.swift */,
			);
			path = Enums;
			sourceTree = "<group>";
		};
/* End PBXGroup section */

/* Begin PBXNativeTarget section */
		D4C3B7DA20586EA3006D709B /* GoalPost */ = {
			isa = PBXNativeTarget;
			buildConfigurationList = D4C3B7F020586EA3006D709B /* Build configuration list for PBXNativeTarget "GoalPost" */;
			buildPhases = (
				D4C3B7D720586EA3006D709B /* Sources */,
				D4C3B7D820586EA3006D709B /* Frameworks */,
				D4C3B7D920586EA3006D709B /* Resources */,
			);
			buildRules = (
			);
			dependencies = (
			);
			name = GoalPost;
			productName = GoalPost;
			productReference = D4C3B7DB20586EA3006D709B /* GoalPost.app */;
			productType = "com.apple.product-type.application";
		};
/* End PBXNativeTarget section */

/* Begin PBXProject section */
		D4C3B7D320586EA3006D709B /* Project object */ = {
			isa = PBXProject;
			attributes = {
				LastSwiftUpdateCheck = 0920;
				LastUpgradeCheck = 0930;
				ORGANIZATIONNAME = "Aboubakrine Niane";
				TargetAttributes = {
					D4C3B7DA20586EA3006D709B = {
						CreatedOnToolsVersion = 9.2;
						ProvisioningStyle = Automatic;
					};
				};
			};
			buildConfigurationList = D4C3B7D620586EA3006D709B /* Build configuration list for PBXProject "GoalPost" */;
			compatibilityVersion = "Xcode 8.0";
			developmentRegion = en;
			hasScannedForEncodings = 0;
			knownRegions = (
				en,
				Base,
			);
			mainGroup = D4C3B7D220586EA3006D709B;
			productRefGroup = D4C3B7DC20586EA3006D709B /* Products */;
			projectDirPath = "";
			projectRoot = "";
			targets = (
				D4C3B7DA20586EA3006D709B /* GoalPost */,
			);
		};
/* End PBXProject section */

/* Begin PBXResourcesBuildPhase section */
		D4C3B7D920586EA3006D709B /* Resources */ = {
			isa = PBXResourcesBuildPhase;
			buildActionMask = 2147483647;
			files = (
				D4C3B7EC20586EA3006D709B /* LaunchScreen.storyboard in Resources */,
				D4C3B7E920586EA3006D709B /* Assets.xcassets in Resources */,
				D4C3B7E420586EA3006D709B /* Main.storyboard in Resources */,
			);
			runOnlyForDeploymentPostprocessing = 0;
		};
/* End PBXResourcesBuildPhase section */

/* Begin PBXSourcesBuildPhase section */
		D4C3B7D720586EA3006D709B /* Sources */ = {
			isa = PBXSourcesBuildPhase;
			buildActionMask = 2147483647;
			files = (
				D4C3B7FA205ACE03006D709B /* GoalCell.swift in Sources */,
				D4371D13205DC6A20003D1E7 /* CreateGoalVC.swift in Sources */,
				D4FA744A207BE51E007F75BF /* ViewControllerExtension.swift in Sources */,
				D4C3B7FC205B346F006D709B /* GoalType.swift in Sources */,
				D4FA744E207C17A2007F75BF /* FinishCreateGoalVC.swift in Sources */,
				D4C3B7E120586EA3006D709B /* GoalsVC.swift in Sources */,
				D4C3B7DF20586EA3006D709B /* AppDelegate.swift in Sources */,
				D4FA744C207BE9F0007F75BF /* ViewExtension.swift in Sources */,
				D4C3B7E720586EA3006D709B /* GoalPost.xcdatamodeld in Sources */,
			);
			runOnlyForDeploymentPostprocessing = 0;
		};
/* End PBXSourcesBuildPhase section */

/* Begin PBXVariantGroup section */
		D4C3B7E220586EA3006D709B /* Main.storyboard */ = {
			isa = PBXVariantGroup;
			children = (
				D4C3B7E320586EA3006D709B /* Base */,
			);
			name = Main.storyboard;
			sourceTree = "<group>";
		};
		D4C3B7EA20586EA3006D709B /* LaunchScreen.storyboard */ = {
			isa = PBXVariantGroup;
			children = (
				D4C3B7EB20586EA3006D709B /* Base */,
			);
			name = LaunchScreen.storyboard;
			sourceTree = "<group>";
		};
/* End PBXVariantGroup section */

/* Begin XCBuildConfiguration section */
		D4C3B7EE20586EA3006D709B /* Debug */ = {
			isa = XCBuildConfiguration;
			buildSettings = {
				ALWAYS_SEARCH_USER_PATHS = NO;
				CLANG_ANALYZER_NONNULL = YES;
				CLANG_ANALYZER_NUMBER_OBJECT_CONVERSION = YES_AGGRESSIVE;
				CLANG_CXX_LANGUAGE_STANDARD = "gnu++14";
				CLANG_CXX_LIBRARY = "libc++";
				CLANG_ENABLE_MODULES = YES;
				CLANG_ENABLE_OBJC_ARC = YES;
				CLANG_WARN_BLOCK_CAPTURE_AUTORELEASING = YES;
				CLANG_WARN_BOOL_CONVERSION = YES;
				CLANG_WARN_COMMA = YES;
				CLANG_WARN_CONSTANT_CONVERSION = YES;
				CLANG_WARN_DEPRECATED_OBJC_IMPLEMENTATIONS = YES;
				CLANG_WARN_DIRECT_OBJC_ISA_USAGE = YES_ERROR;
				CLANG_WARN_DOCUMENTATION_COMMENTS = YES;
				CLANG_WARN_EMPTY_BODY = YES;
				CLANG_WARN_ENUM_CONVERSION = YES;
				CLANG_WARN_INFINITE_RECURSION = YES;
				CLANG_WARN_INT_CONVERSION = YES;
				CLANG_WARN_NON_LITERAL_NULL_CONVERSION = YES;
				CLANG_WARN_OBJC_IMPLICIT_RETAIN_SELF = YES;
				CLANG_WARN_OBJC_LITERAL_CONVERSION = YES;
				CLANG_WARN_OBJC_ROOT_CLASS = YES_ERROR;
				CLANG_WARN_RANGE_LOOP_ANALYSIS = YES;
				CLANG_WARN_STRICT_PROTOTYPES = YES;
				CLANG_WARN_SUSPICIOUS_MOVE = YES;
				CLANG_WARN_UNGUARDED_AVAILABILITY = YES_AGGRESSIVE;
				CLANG_WARN_UNREACHABLE_CODE = YES;
				CLANG_WARN__DUPLICATE_METHOD_MATCH = YES;
				CODE_SIGN_IDENTITY = "iPhone Developer";
				COPY_PHASE_STRIP = NO;
				DEBUG_INFORMATION_FORMAT = dwarf;
				ENABLE_STRICT_OBJC_MSGSEND = YES;
				ENABLE_TESTABILITY = YES;
				GCC_C_LANGUAGE_STANDARD = gnu11;
				GCC_DYNAMIC_NO_PIC = NO;
				GCC_NO_COMMON_BLOCKS = YES;
				GCC_OPTIMIZATION_LEVEL = 0;
				GCC_PREPROCESSOR_DEFINITIONS = (
					"DEBUG=1",
					"$(inherited)",
				);
				GCC_WARN_64_TO_32_BIT_CONVERSION = YES;
				GCC_WARN_ABOUT_RETURN_TYPE = YES_ERROR;
				GCC_WARN_UNDECLARED_SELECTOR = YES;
				GCC_WARN_UNINITIALIZED_AUTOS = YES_AGGRESSIVE;
				GCC_WARN_UNUSED_FUNCTION = YES;
				GCC_WARN_UNUSED_VARIABLE = YES;
				IPHONEOS_DEPLOYMENT_TARGET = 11.2;
				MTL_ENABLE_DEBUG_INFO = YES;
				ONLY_ACTIVE_ARCH = YES;
				SDKROOT = iphoneos;
				SWIFT_ACTIVE_COMPILATION_CONDITIONS = DEBUG;
				SWIFT_OPTIMIZATION_LEVEL = "-Onone";
			};
			name = Debug;
		};
		D4C3B7EF20586EA3006D709B /* Release */ = {
			isa = XCBuildConfiguration;
			buildSettings = {
				ALWAYS_SEARCH_USER_PATHS = NO;
				CLANG_ANALYZER_NONNULL = YES;
				CLANG_ANALYZER_NUMBER_OBJECT_CONVERSION = YES_AGGRESSIVE;
				CLANG_CXX_LANGUAGE_STANDARD = "gnu++14";
				CLANG_CXX_LIBRARY = "libc++";
				CLANG_ENABLE_MODULES = YES;
				CLANG_ENABLE_OBJC_ARC = YES;
				CLANG_WARN_BLOCK_CAPTURE_AUTORELEASING = YES;
				CLANG_WARN_BOOL_CONVERSION = YES;
				CLANG_WARN_COMMA = YES;
				CLANG_WARN_CONSTANT_CONVERSION = YES;
				CLANG_WARN_DEPRECATED_OBJC_IMPLEMENTATIONS = YES;
				CLANG_WARN_DIRECT_OBJC_ISA_USAGE = YES_ERROR;
				CLANG_WARN_DOCUMENTATION_COMMENTS = YES;
				CLANG_WARN_EMPTY_BODY = YES;
				CLANG_WARN_ENUM_CONVERSION = YES;
				CLANG_WARN_INFINITE_RECURSION = YES;
				CLANG_WARN_INT_CONVERSION = YES;
				CLANG_WARN_NON_LITERAL_NULL_CONVERSION = YES;
				CLANG_WARN_OBJC_IMPLICIT_RETAIN_SELF = YES;
				CLANG_WARN_OBJC_LITERAL_CONVERSION = YES;
				CLANG_WARN_OBJC_ROOT_CLASS = YES_ERROR;
				CLANG_WARN_RANGE_LOOP_ANALYSIS = YES;
				CLANG_WARN_STRICT_PROTOTYPES = YES;
				CLANG_WARN_SUSPICIOUS_MOVE = YES;
				CLANG_WARN_UNGUARDED_AVAILABILITY = YES_AGGRESSIVE;
				CLANG_WARN_UNREACHABLE_CODE = YES;
				CLANG_WARN__DUPLICATE_METHOD_MATCH = YES;
				CODE_SIGN_IDENTITY = "iPhone Developer";
				COPY_PHASE_STRIP = NO;
				DEBUG_INFORMATION_FORMAT = "dwarf-with-dsym";
				ENABLE_NS_ASSERTIONS = NO;
				ENABLE_STRICT_OBJC_MSGSEND = YES;
				GCC_C_LANGUAGE_STANDARD = gnu11;
				GCC_NO_COMMON_BLOCKS = YES;
				GCC_WARN_64_TO_32_BIT_CONVERSION = YES;
				GCC_WARN_ABOUT_RETURN_TYPE = YES_ERROR;
				GCC_WARN_UNDECLARED_SELECTOR = YES;
				GCC_WARN_UNINITIALIZED_AUTOS = YES_AGGRESSIVE;
				GCC_WARN_UNUSED_FUNCTION = YES;
				GCC_WARN_UNUSED_VARIABLE = YES;
				IPHONEOS_DEPLOYMENT_TARGET = 11.2;
				MTL_ENABLE_DEBUG_INFO = NO;
				SDKROOT = iphoneos;
				SWIFT_OPTIMIZATION_LEVEL = "-Owholemodule";
				VALIDATE_PRODUCT = YES;
			};
			name = Release;
		};
		D4C3B7F120586EA3006D709B /* Debug */ = {
			isa = XCBuildConfiguration;
			buildSettings = {
				ASSETCATALOG_COMPILER_APPICON_NAME = AppIcon;
				CODE_SIGN_STYLE = Automatic;
				DEVELOPMENT_TEAM = KTR3JN87CH;
				INFOPLIST_FILE = GoalPost/Info.plist;
				LD_RUNPATH_SEARCH_PATHS = "$(inherited) @executable_path/Frameworks";
				PRODUCT_BUNDLE_IDENTIFIER = niane.GoalPost;
				PRODUCT_NAME = "$(TARGET_NAME)";
				SWIFT_VERSION = 4.0;
				TARGETED_DEVICE_FAMILY = "1,2";
			};
			name = Debug;
		};
		D4C3B7F220586EA3006D709B /* Release */ = {
			isa = XCBuildConfiguration;
			buildSettings = {
				ASSETCATALOG_COMPILER_APPICON_NAME = AppIcon;
				CODE_SIGN_STYLE = Automatic;
				DEVELOPMENT_TEAM = KTR3JN87CH;
				INFOPLIST_FILE = GoalPost/Info.plist;
				LD_RUNPATH_SEARCH_PATHS = "$(inherited) @executable_path/Frameworks";
				PRODUCT_BUNDLE_IDENTIFIER = niane.GoalPost;
				PRODUCT_NAME = "$(TARGET_NAME)";
				SWIFT_VERSION = 4.0;
				TARGETED_DEVICE_FAMILY = "1,2";
			};
			name = Release;
		};
/* End XCBuildConfiguration section */

/* Begin XCConfigurationList section */
		D4C3B7D620586EA3006D709B /* Build configuration list for PBXProject "GoalPost" */ = {
			isa = XCConfigurationList;
			buildConfigurations = (
				D4C3B7EE20586EA3006D709B /* Debug */,
				D4C3B7EF20586EA3006D709B /* Release */,
			);
			defaultConfigurationIsVisible = 0;
			defaultConfigurationName = Release;
		};
		D4C3B7F020586EA3006D709B /* Build configuration list for PBXNativeTarget "GoalPost" */ = {
			isa = XCConfigurationList;
			buildConfigurations = (
				D4C3B7F120586EA3006D709B /* Debug */,
				D4C3B7F220586EA3006D709B /* Release */,
			);
			defaultConfigurationIsVisible = 0;
			defaultConfigurationName = Release;
		};
/* End XCConfigurationList section */

/* Begin XCVersionGroup section */
		D4C3B7E520586EA3006D709B /* GoalPost.xcdatamodeld */ = {
			isa = XCVersionGroup;
			children = (
				D4C3B7E620586EA3006D709B /* GoalPost.xcdatamodel */,
			);
			currentVersion = D4C3B7E620586EA3006D709B /* GoalPost.xcdatamodel */;
			path = GoalPost.xcdatamodeld;
			sourceTree = "<group>";
			versionGroupType = wrapper.xcdatamodel;
		};
/* End XCVersionGroup section */
	};
	rootObject = D4C3B7D320586EA3006D709B /* Project object */;
}
